
Microsoft Visual Studio Solution File, Format Version 12.00
# Visual Studio 15
VisualStudioVersion = 15.0.28307.1145
MinimumVisualStudioVersion = 10.0.40219.1
Project("{FAE04EC0-301F-11D3-BF4B-00C04F79EFBC}") = "Selenium prac", "Selenium prac\Selenium prac.csproj", "{B0DE6848-AEC7-4572-BB0B-33327DC5FD57}"
EndProject
Global
	GlobalSection(SolutionConfigurationPlatforms) = preSolution
		Debug|Any CPU = Debug|Any CPU
		Release|Any CPU = Release|Any CPU
	EndGlobalSection
	GlobalSection(ProjectConfigurationPlatforms) = postSolution
		{B0DE6848-AEC7-4572-BB0B-33327DC5FD57}.Debug|Any CPU.ActiveCfg = Debug|Any CPU
		{B0DE6848-AEC7-4572-BB0B-33327DC5FD57}.Debug|Any CPU.Build.0 = Debug|Any CPU
		{B0DE6848-AEC7-4572-BB0B-33327DC5FD57}.Release|Any CPU.ActiveCfg = Release|Any CPU
		{B0DE6848-AEC7-4572-BB0B-33327DC5FD57}.Release|Any CPU.Build.0 = Release|Any CPU
	EndGlobalSection
	GlobalSection(SolutionProperties) = preSolution
		HideSolutionNode = FALSE
	EndGlobalSection
	GlobalSection(ExtensibilityGlobals) = postSolution
		SolutionGuid = {2DE5D250-37D5-4F72-B18B-4456B1331683}
	EndGlobalSection
EndGlobal
